
Microsoft Visual Studio Solution File, Format Version 12.00
# Visual Studio Version 17
VisualStudioVersion = 17.10.34916.146
MinimumVisualStudioVersion = 10.0.40219.1
Project("{FAE04EC0-301F-11D3-BF4B-00C04F79EFBC}") = "MyProject", "MyProject\MyProject.csproj", "{B498E48A-D784-4F72-B9C2-69ACFDA788E7}"
EndProject
Global
	GlobalSection(SolutionConfigurationPlatforms) = preSolution
		Debug|Any CPU = Debug|Any CPU
		Release|Any CPU = Release|Any CPU
	EndGlobalSection
	GlobalSection(ProjectConfigurationPlatforms) = postSolution
		{B498E48A-D784-4F72-B9C2-69ACFDA788E7}.Debug|Any CPU.ActiveCfg = Debug|Any CPU
		{B498E48A-D784-4F72-B9C2-69ACFDA788E7}.Debug|Any CPU.Build.0 = Debug|Any CPU
		{B498E48A-D784-4F72-B9C2-69ACFDA788E7}.Release|Any CPU.ActiveCfg = Release|Any CPU
		{B498E48A-D784-4F72-B9C2-69ACFDA788E7}.Release|Any CPU.Build.0 = Release|Any CPU
	EndGlobalSection
	GlobalSection(SolutionProperties) = preSolution
		HideSolutionNode = FALSE
	EndGlobalSection
	GlobalSection(ExtensibilityGlobals) = postSolution
		SolutionGuid = {8180F152-4F1C-43EF-9CBC-D1CC8A3253C2}
	EndGlobalSection
EndGlobal
